// !$*UTF8*$!
{
	archiveVersion = 1;
	classes = {
	};
	objectVersion = 50;
	objects = {

/* Begin PBXBuildFile section */
		113326DB2370661000A6A518 /* AppDelegate.swift in Sources */ = {isa = PBXBuildFile; fileRef = 113326DA2370661000A6A518 /* AppDelegate.swift */; };
		113326DD2370661000A6A518 /* ViewController.swift in Sources */ = {isa = PBXBuildFile; fileRef = 113326DC2370661000A6A518 /* ViewController.swift */; };
		113326E02370661000A6A518 /* Main.storyboard in Resources */ = {isa = PBXBuildFile; fileRef = 113326DE2370661000A6A518 /* Main.storyboard */; };
		113326E32370661000A6A518 /* PersianCalender.xcdatamodeld in Sources */ = {isa = PBXBuildFile; fileRef = 113326E12370661000A6A518 /* PersianCalender.xcdatamodeld */; };
		113326E52370661200A6A518 /* Assets.xcassets in Resources */ = {isa = PBXBuildFile; fileRef = 113326E42370661200A6A518 /* Assets.xcassets */; };
		113326E82370661200A6A518 /* LaunchScreen.storyboard in Resources */ = {isa = PBXBuildFile; fileRef = 113326E62370661200A6A518 /* LaunchScreen.storyboard */; };
/* End PBXBuildFile section */

/* Begin PBXFileReference section */
		113326D72370661000A6A518 /* PersianCalender.app */ = {isa = PBXFileReference; explicitFileType = wrapper.application; includeInIndex = 0; path = PersianCalender.app; sourceTree = BUILT_PRODUCTS_DIR; };
		113326DA2370661000A6A518 /* AppDelegate.swift */ = {isa = PBXFileReference; lastKnownFileType = sourcecode.swift; path = AppDelegate.swift; sourceTree = "<group>"; };
		113326DC2370661000A6A518 /* ViewController.swift */ = {isa = PBXFileReference; lastKnownFileType = sourcecode.swift; path = ViewController.swift; sourceTree = "<group>"; };
		113326DF2370661000A6A518 /* Base */ = {isa = PBXFileReference; lastKnownFileType = file.storyboard; name = Base; path = Base.lproj/Main.storyboard; sourceTree = "<group>"; };
		113326E22370661000A6A518 /* PersianCalender.xcdatamodel */ = {isa = PBXFileReference; lastKnownFileType = wrapper.xcdatamodel; path = PersianCalender.xcdatamodel; sourceTree = "<group>"; };
		113326E42370661200A6A518 /* Assets.xcassets */ = {isa = PBXFileReference; lastKnownFileType = folder.assetcatalog; path = Assets.xcassets; sourceTree = "<group>"; };
		113326E72370661200A6A518 /* Base */ = {isa = PBXFileReference; lastKnownFileType = file.storyboard; name = Base; path = Base.lproj/LaunchScreen.storyboard; sourceTree = "<group>"; };
		113326E92370661200A6A518 /* Info.plist */ = {isa = PBXFileReference; lastKnownFileType = text.plist.xml; path = Info.plist; sourceTree = "<group>"; };
/* End PBXFileReference section */

/* Begin PBXFrameworksBuildPhase section */
		113326D42370661000A6A518 /* Frameworks */ = {
			isa = PBXFrameworksBuildPhase;
			buildActionMask = 2147483647;
			files = (
			);
			runOnlyForDeploymentPostprocessing = 0;
		};
/* End PBXFrameworksBuildPhase section */

/* Begin PBXGroup section */
		113326CE2370661000A6A518 = {
			isa = PBXGroup;
			children = (
				113326D92370661000A6A518 /* PersianCalender */,
				113326D82370661000A6A518 /* Products */,
			);
			sourceTree = "<group>";
		};
		113326D82370661000A6A518 /* Products */ = {
			isa = PBXGroup;
			children = (
				113326D72370661000A6A518 /* PersianCalender.app */,
			);
			name = Products;
			sourceTree = "<group>";
		};
		113326D92370661000A6A518 /* PersianCalender */ = {
			isa = PBXGroup;
			children = (
				113326DA2370661000A6A518 /* AppDelegate.swift */,
				113326DC2370661000A6A518 /* ViewController.swift */,
				113326DE2370661000A6A518 /* Main.storyboard */,
				113326E42370661200A6A518 /* Assets.xcassets */,
				113326E62370661200A6A518 /* LaunchScreen.storyboard */,
				113326E92370661200A6A518 /* Info.plist */,
				113326E12370661000A6A518 /* PersianCalender.xcdatamodeld */,
			);
			path = PersianCalender;
			sourceTree = "<group>";
		};
/* End PBXGroup section */

/* Begin PBXNativeTarget section */
		113326D62370661000A6A518 /* PersianCalender */ = {
			isa = PBXNativeTarget;
			buildConfigurationList = 113326EC2370661200A6A518 /* Build configuration list for PBXNativeTarget "PersianCalender" */;
			buildPhases = (
				113326D32370661000A6A518 /* Sources */,
				113326D42370661000A6A518 /* Frameworks */,
				113326D52370661000A6A518 /* Resources */,
			);
			buildRules = (
			);
			dependencies = (
			);
			name = PersianCalender;
			productName = PersianCalender;
			productReference = 113326D72370661000A6A518 /* PersianCalender.app */;
			productType = "com.apple.product-type.application";
		};
/* End PBXNativeTarget section */

/* Begin PBXProject section */
		113326CF2370661000A6A518 /* Project object */ = {
			isa = PBXProject;
			attributes = {
				LastSwiftUpdateCheck = 1010;
				LastUpgradeCheck = 1010;
				ORGANIZATIONNAME = "Mahdi Moayeri";
				TargetAttributes = {
					113326D62370661000A6A518 = {
						CreatedOnToolsVersion = 10.1;
					};
				};
			};
			buildConfigurationList = 113326D22370661000A6A518 /* Build configuration list for PBXProject "PersianCalender" */;
			compatibilityVersion = "Xcode 9.3";
			developmentRegion = en;
			hasScannedForEncodings = 0;
			knownRegions = (
				en,
				Base,
			);
			mainGroup = 113326CE2370661000A6A518;
			productRefGroup = 113326D82370661000A6A518 /* Products */;
			projectDirPath = "";
			projectRoot = "";
			targets = (
				113326D62370661000A6A518 /* PersianCalender */,
			);
		};
/* End PBXProject section */

/* Begin PBXResourcesBuildPhase section */
		113326D52370661000A6A518 /* Resources */ = {
			isa = PBXResourcesBuildPhase;
			buildActionMask = 2147483647;
			files = (
				113326E82370661200A6A518 /* LaunchScreen.storyboard in Resources */,
				113326E52370661200A6A518 /* Assets.xcassets in Resources */,
				113326E02370661000A6A518 /* Main.storyboard in Resources */,
			);
			runOnlyForDeploymentPostprocessing = 0;
		};
/* End PBXResourcesBuildPhase section */

/* Begin PBXSourcesBuildPhase section */
		113326D32370661000A6A518 /* Sources */ = {
			isa = PBXSourcesBuildPhase;
			buildActionMask = 2147483647;
			files = (
				113326E32370661000A6A518 /* PersianCalender.xcdatamodeld in Sources */,
				113326DD2370661000A6A518 /* ViewController.swift in Sources */,
				113326DB2370661000A6A518 /* AppDelegate.swift in Sources */,
			);
			runOnlyForDeploymentPostprocessing = 0;
		};
/* End PBXSourcesBuildPhase section */

/* Begin PBXVariantGroup section */
		113326DE2370661000A6A518 /* Main.storyboard */ = {
			isa = PBXVariantGroup;
			children = (
				113326DF2370661000A6A518 /* Base */,
			);
			name = Main.storyboard;
			sourceTree = "<group>";
		};
		113326E62370661200A6A518 /* LaunchScreen.storyboard */ = {
			isa = PBXVariantGroup;
			children = (
				113326E72370661200A6A518 /* Base */,
			);
			name = LaunchScreen.storyboard;
			sourceTree = "<group>";
		};
/* End PBXVariantGroup section */

/* Begin XCBuildConfiguration section */
		113326EA2370661200A6A518 /* Debug */ = {
			isa = XCBuildConfiguration;
			buildSettings = {
				ALWAYS_SEARCH_USER_PATHS = NO;
				CLANG_ANALYZER_NONNULL = YES;
				CLANG_ANALYZER_NUMBER_OBJECT_CONVERSION = YES_AGGRESSIVE;
				CLANG_CXX_LANGUAGE_STANDARD = "gnu++14";
				CLANG_CXX_LIBRARY = "libc++";
				CLANG_ENABLE_MODULES = YES;
				CLANG_ENABLE_OBJC_ARC = YES;
				CLANG_ENABLE_OBJC_WEAK = YES;
				CLANG_WARN_BLOCK_CAPTURE_AUTORELEASING = YES;
				CLANG_WARN_BOOL_CONVERSION = YES;
				CLANG_WARN_COMMA = YES;
				CLANG_WARN_CONSTANT_CONVERSION = YES;
				CLANG_WARN_DEPRECATED_OBJC_IMPLEMENTATIONS = YES;
				CLANG_WARN_DIRECT_OBJC_ISA_USAGE = YES_ERROR;
				CLANG_WARN_DOCUMENTATION_COMMENTS = YES;
				CLANG_WARN_EMPTY_BODY = YES;
				CLANG_WARN_ENUM_CONVERSION = YES;
				CLANG_WARN_INFINITE_RECURSION = YES;
				CLANG_WARN_INT_CONVERSION = YES;
				CLANG_WARN_NON_LITERAL_NULL_CONVERSION = YES;
				CLANG_WARN_OBJC_IMPLICIT_RETAIN_SELF = YES;
				CLANG_WARN_OBJC_LITERAL_CONVERSION = YES;
				CLANG_WARN_OBJC_ROOT_CLASS = YES_ERROR;
				CLANG_WARN_RANGE_LOOP_ANALYSIS = YES;
				CLANG_WARN_STRICT_PROTOTYPES = YES;
				CLANG_WARN_SUSPICIOUS_MOVE = YES;
				CLANG_WARN_UNGUARDED_AVAILABILITY = YES_AGGRESSIVE;
				CLANG_WARN_UNREACHABLE_CODE = YES;
				CLANG_WARN__DUPLICATE_METHOD_MATCH = YES;
				CODE_SIGN_IDENTITY = "iPhone Developer";
				COPY_PHASE_STRIP = NO;
				DEBUG_INFORMATION_FORMAT = dwarf;
				ENABLE_STRICT_OBJC_MSGSEND = YES;
				ENABLE_TESTABILITY = YES;
				GCC_C_LANGUAGE_STANDARD = gnu11;
				GCC_DYNAMIC_NO_PIC = NO;
				GCC_NO_COMMON_BLOCKS = YES;
				GCC_OPTIMIZATION_LEVEL = 0;
				GCC_PREPROCESSOR_DEFINITIONS = (
					"DEBUG=1",
					"$(inherited)",
				);
				GCC_WARN_64_TO_32_BIT_CONVERSION = YES;
				GCC_WARN_ABOUT_RETURN_TYPE = YES_ERROR;
				GCC_WARN_UNDECLARED_SELECTOR = YES;
				GCC_WARN_UNINITIALIZED_AUTOS = YES_AGGRESSIVE;
				GCC_WARN_UNUSED_FUNCTION = YES;
				GCC_WARN_UNUSED_VARIABLE = YES;
				IPHONEOS_DEPLOYMENT_TARGET = 12.1;
				MTL_ENABLE_DEBUG_INFO = INCLUDE_SOURCE;
				MTL_FAST_MATH = YES;
				ONLY_ACTIVE_ARCH = YES;
				SDKROOT = iphoneos;
				SWIFT_ACTIVE_COMPILATION_CONDITIONS = DEBUG;
				SWIFT_OPTIMIZATION_LEVEL = "-Onone";
			};
			name = Debug;
		};
		113326EB2370661200A6A518 /* Release */ = {
			isa = XCBuildConfiguration;
			buildSettings = {
				ALWAYS_SEARCH_USER_PATHS = NO;
				CLANG_ANALYZER_NONNULL = YES;
				CLANG_ANALYZER_NUMBER_OBJECT_CONVERSION = YES_AGGRESSIVE;
				CLANG_CXX_LANGUAGE_STANDARD = "gnu++14";
				CLANG_CXX_LIBRARY = "libc++";
				CLANG_ENABLE_MODULES = YES;
				CLANG_ENABLE_OBJC_ARC = YES;
				CLANG_ENABLE_OBJC_WEAK = YES;
				CLANG_WARN_BLOCK_CAPTURE_AUTORELEASING = YES;
				CLANG_WARN_BOOL_CONVERSION = YES;
				CLANG_WARN_COMMA = YES;
				CLANG_WARN_CONSTANT_CONVERSION = YES;
				CLANG_WARN_DEPRECATED_OBJC_IMPLEMENTATIONS = YES;
				CLANG_WARN_DIRECT_OBJC_ISA_USAGE = YES_ERROR;
				CLANG_WARN_DOCUMENTATION_COMMENTS = YES;
				CLANG_WARN_EMPTY_BODY = YES;
				CLANG_WARN_ENUM_CONVERSION = YES;
				CLANG_WARN_INFINITE_RECURSION = YES;
				CLANG_WARN_INT_CONVERSION = YES;
				CLANG_WARN_NON_LITERAL_NULL_CONVERSION = YES;
				CLANG_WARN_OBJC_IMPLICIT_RETAIN_SELF = YES;
				CLANG_WARN_OBJC_LITERAL_CONVERSION = YES;
				CLANG_WARN_OBJC_ROOT_CLASS = YES_ERROR;
				CLANG_WARN_RANGE_LOOP_ANALYSIS = YES;
				CLANG_WARN_STRICT_PROTOTYPES = YES;
				CLANG_WARN_SUSPICIOUS_MOVE = YES;
				CLANG_WARN_UNGUARDED_AVAILABILITY = YES_AGGRESSIVE;
				CLANG_WARN_UNREACHABLE_CODE = YES;
				CLANG_WARN__DUPLICATE_METHOD_MATCH = YES;
				CODE_SIGN_IDENTITY = "iPhone Developer";
				COPY_PHASE_STRIP = NO;
				DEBUG_INFORMATION_FORMAT = "dwarf-with-dsym";
				ENABLE_NS_ASSERTIONS = NO;
				ENABLE_STRICT_OBJC_MSGSEND = YES;
				GCC_C_LANGUAGE_STANDARD = gnu11;
				GCC_NO_COMMON_BLOCKS = YES;
				GCC_WARN_64_TO_32_BIT_CONVERSION = YES;
				GCC_WARN_ABOUT_RETURN_TYPE = YES_ERROR;
				GCC_WARN_UNDECLARED_SELECTOR = YES;
				GCC_WARN_UNINITIALIZED_AUTOS = YES_AGGRESSIVE;
				GCC_WARN_UNUSED_FUNCTION = YES;
				GCC_WARN_UNUSED_VARIABLE = YES;
				IPHONEOS_DEPLOYMENT_TARGET = 12.1;
				MTL_ENABLE_DEBUG_INFO = NO;
				MTL_FAST_MATH = YES;
				SDKROOT = iphoneos;
				SWIFT_COMPILATION_MODE = wholemodule;
				SWIFT_OPTIMIZATION_LEVEL = "-O";
				VALIDATE_PRODUCT = YES;
			};
			name = Release;
		};
		113326ED2370661200A6A518 /* Debug */ = {
			isa = XCBuildConfiguration;
			buildSettings = {
				ASSETCATALOG_COMPILER_APPICON_NAME = AppIcon;
				CODE_SIGN_STYLE = Automatic;
				DEVELOPMENT_TEAM = 4DN3REULM3;
				INFOPLIST_FILE = PersianCalender/Info.plist;
				LD_RUNPATH_SEARCH_PATHS = (
					"$(inherited)",
					"@executable_path/Frameworks",
				);
				PRODUCT_BUNDLE_IDENTIFIER = com.notron.PersianCalender;
				PRODUCT_NAME = "$(TARGET_NAME)";
				SWIFT_VERSION = 4.2;
				TARGETED_DEVICE_FAMILY = "1,2";
			};
			name = Debug;
		};
		113326EE2370661200A6A518 /* Release */ = {
			isa = XCBuildConfiguration;
			buildSettings = {
				ASSETCATALOG_COMPILER_APPICON_NAME = AppIcon;
				CODE_SIGN_STYLE = Automatic;
				DEVELOPMENT_TEAM = 4DN3REULM3;
				INFOPLIST_FILE = PersianCalender/Info.plist;
				LD_RUNPATH_SEARCH_PATHS = (
					"$(inherited)",
					"@executable_path/Frameworks",
				);
				PRODUCT_BUNDLE_IDENTIFIER = com.notron.PersianCalender;
				PRODUCT_NAME = "$(TARGET_NAME)";
				SWIFT_VERSION = 4.2;
				TARGETED_DEVICE_FAMILY = "1,2";
			};
			name = Release;
		};
/* End XCBuildConfiguration section */

/* Begin XCConfigurationList section */
		113326D22370661000A6A518 /* Build configuration list for PBXProject "PersianCalender" */ = {
			isa = XCConfigurationList;
			buildConfigurations = (
				113326EA2370661200A6A518 /* Debug */,
				113326EB2370661200A6A518 /* Release */,
			);
			defaultConfigurationIsVisible = 0;
			defaultConfigurationName = Release;
		};
		113326EC2370661200A6A518 /* Build configuration list for PBXNativeTarget "PersianCalender" */ = {
			isa = XCConfigurationList;
			buildConfigurations = (
				113326ED2370661200A6A518 /* Debug */,
				113326EE2370661200A6A518 /* Release */,
			);
			defaultConfigurationIsVisible = 0;
			defaultConfigurationName = Release;
		};
/* End XCConfigurationList section */

/* Begin XCVersionGroup section */
		113326E12370661000A6A518 /* PersianCalender.xcdatamodeld */ = {
			isa = XCVersionGroup;
			children = (
				113326E22370661000A6A518 /* PersianCalender.xcdatamodel */,
			);
			currentVersion = 113326E22370661000A6A518 /* PersianCalender.xcdatamodel */;
			path = PersianCalender.xcdatamodeld;
			sourceTree = "<group>";
			versionGroupType = wrapper.xcdatamodel;
		};
/* End XCVersionGroup section */
	};
	rootObject = 113326CF2370661000A6A518 /* Project object */;
}
