// !$*UTF8*$!
{
	archiveVersion = 1;
	classes = {
	};
	objectVersion = 50;
	objects = {

/* Begin PBXBuildFile section */
		113EA7AF21761CB700EDD862 /* AppDelegate.swift in Sources */ = {isa = PBXBuildFile; fileRef = 113EA7AE21761CB700EDD862 /* AppDelegate.swift */; };
		113EA7B121761CB700EDD862 /* ViewController.swift in Sources */ = {isa = PBXBuildFile; fileRef = 113EA7B021761CB700EDD862 /* ViewController.swift */; };
		113EA7B421761CB700EDD862 /* Main.storyboard in Resources */ = {isa = PBXBuildFile; fileRef = 113EA7B221761CB700EDD862 /* Main.storyboard */; };
		113EA7B621761CB900EDD862 /* Assets.xcassets in Resources */ = {isa = PBXBuildFile; fileRef = 113EA7B521761CB900EDD862 /* Assets.xcassets */; };
		113EA7B921761CB900EDD862 /* LaunchScreen.storyboard in Resources */ = {isa = PBXBuildFile; fileRef = 113EA7B721761CB900EDD862 /* LaunchScreen.storyboard */; };
		113EA7C321761D9900EDD862 /* CalendarViewController.swift in Sources */ = {isa = PBXBuildFile; fileRef = 113EA7C121761D9800EDD862 /* CalendarViewController.swift */; };
		113EA7C421761D9900EDD862 /* CalendarViewController.xib in Resources */ = {isa = PBXBuildFile; fileRef = 113EA7C221761D9800EDD862 /* CalendarViewController.xib */; };
		113EA7CC21761DF100EDD862 /* Date.swift in Sources */ = {isa = PBXBuildFile; fileRef = 113EA7C621761DF100EDD862 /* Date.swift */; };
		113EA7CD21761DF100EDD862 /* UIView.swift in Sources */ = {isa = PBXBuildFile; fileRef = 113EA7C721761DF100EDD862 /* UIView.swift */; };
		113EA7CF21761DF100EDD862 /* UIDevice.swift in Sources */ = {isa = PBXBuildFile; fileRef = 113EA7C921761DF100EDD862 /* UIDevice.swift */; };
		113EA7D32176200C00EDD862 /* Constants.swift in Sources */ = {isa = PBXBuildFile; fileRef = 113EA7D22176200B00EDD862 /* Constants.swift */; };
		113EA7DB2176210700EDD862 /* IRAN Sans.ttf in Resources */ = {isa = PBXBuildFile; fileRef = 113EA7D62176210700EDD862 /* IRAN Sans.ttf */; };
		113EA7DC2176210700EDD862 /* IRAN Sans Medium.ttf in Resources */ = {isa = PBXBuildFile; fileRef = 113EA7D72176210700EDD862 /* IRAN Sans Medium.ttf */; };
		113EA7DD2176210700EDD862 /* IRAN Sans Light.ttf in Resources */ = {isa = PBXBuildFile; fileRef = 113EA7D82176210700EDD862 /* IRAN Sans Light.ttf */; };
		113EA7DE2176210700EDD862 /* IRAN Sans Bold.ttf in Resources */ = {isa = PBXBuildFile; fileRef = 113EA7D92176210700EDD862 /* IRAN Sans Bold.ttf */; };
		113EA7DF2176210700EDD862 /* IRAN Sans UltraLight.ttf in Resources */ = {isa = PBXBuildFile; fileRef = 113EA7DA2176210700EDD862 /* IRAN Sans UltraLight.ttf */; };
		113EA7E12176233400EDD862 /* UIColor.swift in Sources */ = {isa = PBXBuildFile; fileRef = 113EA7E02176233400EDD862 /* UIColor.swift */; };
		113EA7E3217627CB00EDD862 /* Utility.swift in Sources */ = {isa = PBXBuildFile; fileRef = 113EA7E2217627CB00EDD862 /* Utility.swift */; };
/* End PBXBuildFile section */

/* Begin PBXFileReference section */
		113EA7AB21761CB700EDD862 /* PersianCalender.app */ = {isa = PBXFileReference; explicitFileType = wrapper.application; includeInIndex = 0; path = PersianCalender.app; sourceTree = BUILT_PRODUCTS_DIR; };
		113EA7AE21761CB700EDD862 /* AppDelegate.swift */ = {isa = PBXFileReference; lastKnownFileType = sourcecode.swift; path = AppDelegate.swift; sourceTree = "<group>"; };
		113EA7B021761CB700EDD862 /* ViewController.swift */ = {isa = PBXFileReference; lastKnownFileType = sourcecode.swift; path = ViewController.swift; sourceTree = "<group>"; };
		113EA7B321761CB700EDD862 /* Base */ = {isa = PBXFileReference; lastKnownFileType = file.storyboard; name = Base; path = Base.lproj/Main.storyboard; sourceTree = "<group>"; };
		113EA7B521761CB900EDD862 /* Assets.xcassets */ = {isa = PBXFileReference; lastKnownFileType = folder.assetcatalog; path = Assets.xcassets; sourceTree = "<group>"; };
		113EA7B821761CB900EDD862 /* Base */ = {isa = PBXFileReference; lastKnownFileType = file.storyboard; name = Base; path = Base.lproj/LaunchScreen.storyboard; sourceTree = "<group>"; };
		113EA7BA21761CB900EDD862 /* Info.plist */ = {isa = PBXFileReference; lastKnownFileType = text.plist.xml; path = Info.plist; sourceTree = "<group>"; };
		113EA7C121761D9800EDD862 /* CalendarViewController.swift */ = {isa = PBXFileReference; fileEncoding = 4; lastKnownFileType = sourcecode.swift; path = CalendarViewController.swift; sourceTree = "<group>"; };
		113EA7C221761D9800EDD862 /* CalendarViewController.xib */ = {isa = PBXFileReference; fileEncoding = 4; lastKnownFileType = file.xib; path = CalendarViewController.xib; sourceTree = "<group>"; };
		113EA7C621761DF100EDD862 /* Date.swift */ = {isa = PBXFileReference; fileEncoding = 4; lastKnownFileType = sourcecode.swift; path = Date.swift; sourceTree = "<group>"; };
		113EA7C721761DF100EDD862 /* UIView.swift */ = {isa = PBXFileReference; fileEncoding = 4; lastKnownFileType = sourcecode.swift; path = UIView.swift; sourceTree = "<group>"; };
		113EA7C921761DF100EDD862 /* UIDevice.swift */ = {isa = PBXFileReference; fileEncoding = 4; lastKnownFileType = sourcecode.swift; path = UIDevice.swift; sourceTree = "<group>"; };
		113EA7D22176200B00EDD862 /* Constants.swift */ = {isa = PBXFileReference; fileEncoding = 4; lastKnownFileType = sourcecode.swift; path = Constants.swift; sourceTree = "<group>"; };
		113EA7D62176210700EDD862 /* IRAN Sans.ttf */ = {isa = PBXFileReference; lastKnownFileType = file; path = "IRAN Sans.ttf"; sourceTree = "<group>"; };
		113EA7D72176210700EDD862 /* IRAN Sans Medium.ttf */ = {isa = PBXFileReference; lastKnownFileType = file; path = "IRAN Sans Medium.ttf"; sourceTree = "<group>"; };
		113EA7D82176210700EDD862 /* IRAN Sans Light.ttf */ = {isa = PBXFileReference; lastKnownFileType = file; path = "IRAN Sans Light.ttf"; sourceTree = "<group>"; };
		113EA7D92176210700EDD862 /* IRAN Sans Bold.ttf */ = {isa = PBXFileReference; lastKnownFileType = file; path = "IRAN Sans Bold.ttf"; sourceTree = "<group>"; };
		113EA7DA2176210700EDD862 /* IRAN Sans UltraLight.ttf */ = {isa = PBXFileReference; lastKnownFileType = file; path = "IRAN Sans UltraLight.ttf"; sourceTree = "<group>"; };
		113EA7E02176233400EDD862 /* UIColor.swift */ = {isa = PBXFileReference; fileEncoding = 4; lastKnownFileType = sourcecode.swift; path = UIColor.swift; sourceTree = "<group>"; };
		113EA7E2217627CB00EDD862 /* Utility.swift */ = {isa = PBXFileReference; fileEncoding = 4; lastKnownFileType = sourcecode.swift; path = Utility.swift; sourceTree = "<group>"; };
/* End PBXFileReference section */

/* Begin PBXFrameworksBuildPhase section */
		113EA7A821761CB700EDD862 /* Frameworks */ = {
			isa = PBXFrameworksBuildPhase;
			buildActionMask = 2147483647;
			files = (
			);
			runOnlyForDeploymentPostprocessing = 0;
		};
/* End PBXFrameworksBuildPhase section */

/* Begin PBXGroup section */
		113EA7A221761CB700EDD862 = {
			isa = PBXGroup;
			children = (
				113EA7AD21761CB700EDD862 /* PersianCalender */,
				113EA7AC21761CB700EDD862 /* Products */,
			);
			sourceTree = "<group>";
		};
		113EA7AC21761CB700EDD862 /* Products */ = {
			isa = PBXGroup;
			children = (
				113EA7AB21761CB700EDD862 /* PersianCalender.app */,
			);
			name = Products;
			sourceTree = "<group>";
		};
		113EA7AD21761CB700EDD862 /* PersianCalender */ = {
			isa = PBXGroup;
			children = (
				113EA7AE21761CB700EDD862 /* AppDelegate.swift */,
				113EA7B021761CB700EDD862 /* ViewController.swift */,
				113EA7B221761CB700EDD862 /* Main.storyboard */,
				113EA7D22176200B00EDD862 /* Constants.swift */,
				113EA7B521761CB900EDD862 /* Assets.xcassets */,
				113EA7D42176210700EDD862 /* Resources */,
				113EA7C521761DF100EDD862 /* Extensiones */,
				113EA7C021761D9800EDD862 /* Calendar */,
				113EA7B721761CB900EDD862 /* LaunchScreen.storyboard */,
				113EA7BA21761CB900EDD862 /* Info.plist */,
			);
			path = PersianCalender;
			sourceTree = "<group>";
		};
		113EA7C021761D9800EDD862 /* Calendar */ = {
			isa = PBXGroup;
			children = (
				113EA7C121761D9800EDD862 /* CalendarViewController.swift */,
				113EA7C221761D9800EDD862 /* CalendarViewController.xib */,
			);
			path = Calendar;
			sourceTree = "<group>";
		};
		113EA7C521761DF100EDD862 /* Extensiones */ = {
			isa = PBXGroup;
			children = (
				113EA7C621761DF100EDD862 /* Date.swift */,
				113EA7E02176233400EDD862 /* UIColor.swift */,
				113EA7C721761DF100EDD862 /* UIView.swift */,
				113EA7C921761DF100EDD862 /* UIDevice.swift */,
			);
			path = Extensiones;
			sourceTree = "<group>";
		};
		113EA7D42176210700EDD862 /* Resources */ = {
			isa = PBXGroup;
			children = (
				113EA7E2217627CB00EDD862 /* Utility.swift */,
				113EA7D52176210700EDD862 /* Font */,
			);
			path = Resources;
			sourceTree = "<group>";
		};
		113EA7D52176210700EDD862 /* Font */ = {
			isa = PBXGroup;
			children = (
				113EA7D62176210700EDD862 /* IRAN Sans.ttf */,
				113EA7D72176210700EDD862 /* IRAN Sans Medium.ttf */,
				113EA7D82176210700EDD862 /* IRAN Sans Light.ttf */,
				113EA7D92176210700EDD862 /* IRAN Sans Bold.ttf */,
				113EA7DA2176210700EDD862 /* IRAN Sans UltraLight.ttf */,
			);
			path = Font;
			sourceTree = "<group>";
		};
/* End PBXGroup section */

/* Begin PBXNativeTarget section */
		113EA7AA21761CB700EDD862 /* PersianCalender */ = {
			isa = PBXNativeTarget;
			buildConfigurationList = 113EA7BD21761CB900EDD862 /* Build configuration list for PBXNativeTarget "PersianCalender" */;
			buildPhases = (
				113EA7A721761CB700EDD862 /* Sources */,
				113EA7A821761CB700EDD862 /* Frameworks */,
				113EA7A921761CB700EDD862 /* Resources */,
			);
			buildRules = (
			);
			dependencies = (
			);
			name = PersianCalender;
			productName = PersianCalender;
			productReference = 113EA7AB21761CB700EDD862 /* PersianCalender.app */;
			productType = "com.apple.product-type.application";
		};
/* End PBXNativeTarget section */

/* Begin PBXProject section */
		113EA7A321761CB700EDD862 /* Project object */ = {
			isa = PBXProject;
			attributes = {
				LastSwiftUpdateCheck = 1000;
				LastUpgradeCheck = 1000;
				ORGANIZATIONNAME = "Mahdi Moayeri";
				TargetAttributes = {
					113EA7AA21761CB700EDD862 = {
						CreatedOnToolsVersion = 10.0;
					};
				};
			};
			buildConfigurationList = 113EA7A621761CB700EDD862 /* Build configuration list for PBXProject "PersianCalender" */;
			compatibilityVersion = "Xcode 9.3";
			developmentRegion = en;
			hasScannedForEncodings = 0;
			knownRegions = (
				en,
				Base,
			);
			mainGroup = 113EA7A221761CB700EDD862;
			productRefGroup = 113EA7AC21761CB700EDD862 /* Products */;
			projectDirPath = "";
			projectRoot = "";
			targets = (
				113EA7AA21761CB700EDD862 /* PersianCalender */,
			);
		};
/* End PBXProject section */

/* Begin PBXResourcesBuildPhase section */
		113EA7A921761CB700EDD862 /* Resources */ = {
			isa = PBXResourcesBuildPhase;
			buildActionMask = 2147483647;
			files = (
				113EA7DD2176210700EDD862 /* IRAN Sans Light.ttf in Resources */,
				113EA7C421761D9900EDD862 /* CalendarViewController.xib in Resources */,
				113EA7DF2176210700EDD862 /* IRAN Sans UltraLight.ttf in Resources */,
				113EA7DB2176210700EDD862 /* IRAN Sans.ttf in Resources */,
				113EA7DC2176210700EDD862 /* IRAN Sans Medium.ttf in Resources */,
				113EA7B921761CB900EDD862 /* LaunchScreen.storyboard in Resources */,
				113EA7B621761CB900EDD862 /* Assets.xcassets in Resources */,
				113EA7DE2176210700EDD862 /* IRAN Sans Bold.ttf in Resources */,
				113EA7B421761CB700EDD862 /* Main.storyboard in Resources */,
			);
			runOnlyForDeploymentPostprocessing = 0;
		};
/* End PBXResourcesBuildPhase section */

/* Begin PBXSourcesBuildPhase section */
		113EA7A721761CB700EDD862 /* Sources */ = {
			isa = PBXSourcesBuildPhase;
			buildActionMask = 2147483647;
			files = (
				113EA7CD21761DF100EDD862 /* UIView.swift in Sources */,
				113EA7C321761D9900EDD862 /* CalendarViewController.swift in Sources */,
				113EA7E3217627CB00EDD862 /* Utility.swift in Sources */,
				113EA7B121761CB700EDD862 /* ViewController.swift in Sources */,
				113EA7AF21761CB700EDD862 /* AppDelegate.swift in Sources */,
				113EA7D32176200C00EDD862 /* Constants.swift in Sources */,
				113EA7E12176233400EDD862 /* UIColor.swift in Sources */,
				113EA7CC21761DF100EDD862 /* Date.swift in Sources */,
				113EA7CF21761DF100EDD862 /* UIDevice.swift in Sources */,
			);
			runOnlyForDeploymentPostprocessing = 0;
		};
/* End PBXSourcesBuildPhase section */

/* Begin PBXVariantGroup section */
		113EA7B221761CB700EDD862 /* Main.storyboard */ = {
			isa = PBXVariantGroup;
			children = (
				113EA7B321761CB700EDD862 /* Base */,
			);
			name = Main.storyboard;
			sourceTree = "<group>";
		};
		113EA7B721761CB900EDD862 /* LaunchScreen.storyboard */ = {
			isa = PBXVariantGroup;
			children = (
				113EA7B821761CB900EDD862 /* Base */,
			);
			name = LaunchScreen.storyboard;
			sourceTree = "<group>";
		};
/* End PBXVariantGroup section */

/* Begin XCBuildConfiguration section */
		113EA7BB21761CB900EDD862 /* Debug */ = {
			isa = XCBuildConfiguration;
			buildSettings = {
				ALWAYS_SEARCH_USER_PATHS = NO;
				CLANG_ANALYZER_NONNULL = YES;
				CLANG_ANALYZER_NUMBER_OBJECT_CONVERSION = YES_AGGRESSIVE;
				CLANG_CXX_LANGUAGE_STANDARD = "gnu++14";
				CLANG_CXX_LIBRARY = "libc++";
				CLANG_ENABLE_MODULES = YES;
				CLANG_ENABLE_OBJC_ARC = YES;
				CLANG_ENABLE_OBJC_WEAK = YES;
				CLANG_WARN_BLOCK_CAPTURE_AUTORELEASING = YES;
				CLANG_WARN_BOOL_CONVERSION = YES;
				CLANG_WARN_COMMA = YES;
				CLANG_WARN_CONSTANT_CONVERSION = YES;
				CLANG_WARN_DEPRECATED_OBJC_IMPLEMENTATIONS = YES;
				CLANG_WARN_DIRECT_OBJC_ISA_USAGE = YES_ERROR;
				CLANG_WARN_DOCUMENTATION_COMMENTS = YES;
				CLANG_WARN_EMPTY_BODY = YES;
				CLANG_WARN_ENUM_CONVERSION = YES;
				CLANG_WARN_INFINITE_RECURSION = YES;
				CLANG_WARN_INT_CONVERSION = YES;
				CLANG_WARN_NON_LITERAL_NULL_CONVERSION = YES;
				CLANG_WARN_OBJC_IMPLICIT_RETAIN_SELF = YES;
				CLANG_WARN_OBJC_LITERAL_CONVERSION = YES;
				CLANG_WARN_OBJC_ROOT_CLASS = YES_ERROR;
				CLANG_WARN_RANGE_LOOP_ANALYSIS = YES;
				CLANG_WARN_STRICT_PROTOTYPES = YES;
				CLANG_WARN_SUSPICIOUS_MOVE = YES;
				CLANG_WARN_UNGUARDED_AVAILABILITY = YES_AGGRESSIVE;
				CLANG_WARN_UNREACHABLE_CODE = YES;
				CLANG_WARN__DUPLICATE_METHOD_MATCH = YES;
				CODE_SIGN_IDENTITY = "iPhone Developer";
				COPY_PHASE_STRIP = NO;
				DEBUG_INFORMATION_FORMAT = dwarf;
				ENABLE_STRICT_OBJC_MSGSEND = YES;
				ENABLE_TESTABILITY = YES;
				GCC_C_LANGUAGE_STANDARD = gnu11;
				GCC_DYNAMIC_NO_PIC = NO;
				GCC_NO_COMMON_BLOCKS = YES;
				GCC_OPTIMIZATION_LEVEL = 0;
				GCC_PREPROCESSOR_DEFINITIONS = (
					"DEBUG=1",
					"$(inherited)",
				);
				GCC_WARN_64_TO_32_BIT_CONVERSION = YES;
				GCC_WARN_ABOUT_RETURN_TYPE = YES_ERROR;
				GCC_WARN_UNDECLARED_SELECTOR = YES;
				GCC_WARN_UNINITIALIZED_AUTOS = YES_AGGRESSIVE;
				GCC_WARN_UNUSED_FUNCTION = YES;
				GCC_WARN_UNUSED_VARIABLE = YES;
				IPHONEOS_DEPLOYMENT_TARGET = 12.0;
				MTL_ENABLE_DEBUG_INFO = INCLUDE_SOURCE;
				MTL_FAST_MATH = YES;
				ONLY_ACTIVE_ARCH = YES;
				SDKROOT = iphoneos;
				SWIFT_ACTIVE_COMPILATION_CONDITIONS = DEBUG;
				SWIFT_OPTIMIZATION_LEVEL = "-Onone";
			};
			name = Debug;
		};
		113EA7BC21761CB900EDD862 /* Release */ = {
			isa = XCBuildConfiguration;
			buildSettings = {
				ALWAYS_SEARCH_USER_PATHS = NO;
				CLANG_ANALYZER_NONNULL = YES;
				CLANG_ANALYZER_NUMBER_OBJECT_CONVERSION = YES_AGGRESSIVE;
				CLANG_CXX_LANGUAGE_STANDARD = "gnu++14";
				CLANG_CXX_LIBRARY = "libc++";
				CLANG_ENABLE_MODULES = YES;
				CLANG_ENABLE_OBJC_ARC = YES;
				CLANG_ENABLE_OBJC_WEAK = YES;
				CLANG_WARN_BLOCK_CAPTURE_AUTORELEASING = YES;
				CLANG_WARN_BOOL_CONVERSION = YES;
				CLANG_WARN_COMMA = YES;
				CLANG_WARN_CONSTANT_CONVERSION = YES;
				CLANG_WARN_DEPRECATED_OBJC_IMPLEMENTATIONS = YES;
				CLANG_WARN_DIRECT_OBJC_ISA_USAGE = YES_ERROR;
				CLANG_WARN_DOCUMENTATION_COMMENTS = YES;
				CLANG_WARN_EMPTY_BODY = YES;
				CLANG_WARN_ENUM_CONVERSION = YES;
				CLANG_WARN_INFINITE_RECURSION = YES;
				CLANG_WARN_INT_CONVERSION = YES;
				CLANG_WARN_NON_LITERAL_NULL_CONVERSION = YES;
				CLANG_WARN_OBJC_IMPLICIT_RETAIN_SELF = YES;
				CLANG_WARN_OBJC_LITERAL_CONVERSION = YES;
				CLANG_WARN_OBJC_ROOT_CLASS = YES_ERROR;
				CLANG_WARN_RANGE_LOOP_ANALYSIS = YES;
				CLANG_WARN_STRICT_PROTOTYPES = YES;
				CLANG_WARN_SUSPICIOUS_MOVE = YES;
				CLANG_WARN_UNGUARDED_AVAILABILITY = YES_AGGRESSIVE;
				CLANG_WARN_UNREACHABLE_CODE = YES;
				CLANG_WARN__DUPLICATE_METHOD_MATCH = YES;
				CODE_SIGN_IDENTITY = "iPhone Developer";
				COPY_PHASE_STRIP = NO;
				DEBUG_INFORMATION_FORMAT = "dwarf-with-dsym";
				ENABLE_NS_ASSERTIONS = NO;
				ENABLE_STRICT_OBJC_MSGSEND = YES;
				GCC_C_LANGUAGE_STANDARD = gnu11;
				GCC_NO_COMMON_BLOCKS = YES;
				GCC_WARN_64_TO_32_BIT_CONVERSION = YES;
				GCC_WARN_ABOUT_RETURN_TYPE = YES_ERROR;
				GCC_WARN_UNDECLARED_SELECTOR = YES;
				GCC_WARN_UNINITIALIZED_AUTOS = YES_AGGRESSIVE;
				GCC_WARN_UNUSED_FUNCTION = YES;
				GCC_WARN_UNUSED_VARIABLE = YES;
				IPHONEOS_DEPLOYMENT_TARGET = 12.0;
				MTL_ENABLE_DEBUG_INFO = NO;
				MTL_FAST_MATH = YES;
				SDKROOT = iphoneos;
				SWIFT_COMPILATION_MODE = wholemodule;
				SWIFT_OPTIMIZATION_LEVEL = "-O";
				VALIDATE_PRODUCT = YES;
			};
			name = Release;
		};
		113EA7BE21761CB900EDD862 /* Debug */ = {
			isa = XCBuildConfiguration;
			buildSettings = {
				ASSETCATALOG_COMPILER_APPICON_NAME = AppIcon;
				CODE_SIGN_STYLE = Automatic;
				DEVELOPMENT_TEAM = 4DN3REULM3;
				INFOPLIST_FILE = PersianCalender/Info.plist;
				LD_RUNPATH_SEARCH_PATHS = (
					"$(inherited)",
					"@executable_path/Frameworks",
				);
				PRODUCT_BUNDLE_IDENTIFIER = com.persianCalender.PersianCalender;
				PRODUCT_NAME = "$(TARGET_NAME)";
				SWIFT_VERSION = 4.2;
				TARGETED_DEVICE_FAMILY = "1,2";
			};
			name = Debug;
		};
		113EA7BF21761CB900EDD862 /* Release */ = {
			isa = XCBuildConfiguration;
			buildSettings = {
				ASSETCATALOG_COMPILER_APPICON_NAME = AppIcon;
				CODE_SIGN_STYLE = Automatic;
				DEVELOPMENT_TEAM = 4DN3REULM3;
				INFOPLIST_FILE = PersianCalender/Info.plist;
				LD_RUNPATH_SEARCH_PATHS = (
					"$(inherited)",
					"@executable_path/Frameworks",
				);
				PRODUCT_BUNDLE_IDENTIFIER = com.persianCalender.PersianCalender;
				PRODUCT_NAME = "$(TARGET_NAME)";
				SWIFT_VERSION = 4.2;
				TARGETED_DEVICE_FAMILY = "1,2";
			};
			name = Release;
		};
/* End XCBuildConfiguration section */

/* Begin XCConfigurationList section */
		113EA7A621761CB700EDD862 /* Build configuration list for PBXProject "PersianCalender" */ = {
			isa = XCConfigurationList;
			buildConfigurations = (
				113EA7BB21761CB900EDD862 /* Debug */,
				113EA7BC21761CB900EDD862 /* Release */,
			);
			defaultConfigurationIsVisible = 0;
			defaultConfigurationName = Release;
		};
		113EA7BD21761CB900EDD862 /* Build configuration list for PBXNativeTarget "PersianCalender" */ = {
			isa = XCConfigurationList;
			buildConfigurations = (
				113EA7BE21761CB900EDD862 /* Debug */,
				113EA7BF21761CB900EDD862 /* Release */,
			);
			defaultConfigurationIsVisible = 0;
			defaultConfigurationName = Release;
		};
/* End XCConfigurationList section */
	};
	rootObject = 113EA7A321761CB700EDD862 /* Project object */;
}
